
Microsoft Visual Studio Solution File, Format Version 12.00
# Visual Studio Version 17
VisualStudioVersion = 17.2.32630.192
MinimumVisualStudioVersion = 10.0.40219.1
Project("{FAE04EC0-301F-11D3-BF4B-00C04F79EFBC}") = "eCommerceAPI", "eCommerceAPI\eCommerceAPI.csproj", "{21980DDB-B4A7-444E-960C-75ED96A3FC2D}"
EndProject
Project("{FAE04EC0-301F-11D3-BF4B-00C04F79EFBC}") = "Core", "Core\Core.csproj", "{178071EF-BC61-47A5-A9E5-74DF9876D610}"
EndProject
Project("{FAE04EC0-301F-11D3-BF4B-00C04F79EFBC}") = "Infrastructure", "Infrastructure\Infrastructure.csproj", "{9844EC28-985E-43C3-8B23-DAB6925A967F}"
EndProject
Global
	GlobalSection(SolutionConfigurationPlatforms) = preSolution
		Debug|Any CPU = Debug|Any CPU
		Release|Any CPU = Release|Any CPU
	EndGlobalSection
	GlobalSection(ProjectConfigurationPlatforms) = postSolution
		{21980DDB-B4A7-444E-960C-75ED96A3FC2D}.Debug|Any CPU.ActiveCfg = Debug|Any CPU
		{21980DDB-B4A7-444E-960C-75ED96A3FC2D}.Debug|Any CPU.Build.0 = Debug|Any CPU
		{21980DDB-B4A7-444E-960C-75ED96A3FC2D}.Release|Any CPU.ActiveCfg = Release|Any CPU
		{21980DDB-B4A7-444E-960C-75ED96A3FC2D}.Release|Any CPU.Build.0 = Release|Any CPU
		{178071EF-BC61-47A5-A9E5-74DF9876D610}.Debug|Any CPU.ActiveCfg = Debug|Any CPU
		{178071EF-BC61-47A5-A9E5-74DF9876D610}.Debug|Any CPU.Build.0 = Debug|Any CPU
		{178071EF-BC61-47A5-A9E5-74DF9876D610}.Release|Any CPU.ActiveCfg = Release|Any CPU
		{178071EF-BC61-47A5-A9E5-74DF9876D610}.Release|Any CPU.Build.0 = Release|Any CPU
		{9844EC28-985E-43C3-8B23-DAB6925A967F}.Debug|Any CPU.ActiveCfg = Debug|Any CPU
		{9844EC28-985E-43C3-8B23-DAB6925A967F}.Debug|Any CPU.Build.0 = Debug|Any CPU
		{9844EC28-985E-43C3-8B23-DAB6925A967F}.Release|Any CPU.ActiveCfg = Release|Any CPU
		{9844EC28-985E-43C3-8B23-DAB6925A967F}.Release|Any CPU.Build.0 = Release|Any CPU
	EndGlobalSection
	GlobalSection(SolutionProperties) = preSolution
		HideSolutionNode = FALSE
	EndGlobalSection
	GlobalSection(ExtensibilityGlobals) = postSolution
		SolutionGuid = {5E1943A2-9AC3-45FA-81BB-076C236616C6}
	EndGlobalSection
EndGlobal
